
Microsoft Visual Studio Solution File, Format Version 12.00
# Visual Studio Version 17
VisualStudioVersion = 17.6.33801.468
MinimumVisualStudioVersion = 10.0.40219.1
Project("{FAE04EC0-301F-11D3-BF4B-00C04F79EFBC}") = "CloudCustomers.API", "CloudCustomers.API\CloudCustomers.API.csproj", "{6A35594A-2CED-4AB7-9E35-72BB4DCC1680}"
EndProject
Project("{FAE04EC0-301F-11D3-BF4B-00C04F79EFBC}") = "TestProject1", "TestProject1\TestProject1.csproj", "{80242265-C193-4701-9580-0D2AACE81322}"
EndProject
Global
	GlobalSection(SolutionConfigurationPlatforms) = preSolution
		Debug|Any CPU = Debug|Any CPU
		Release|Any CPU = Release|Any CPU
	EndGlobalSection
	GlobalSection(ProjectConfigurationPlatforms) = postSolution
		{6A35594A-2CED-4AB7-9E35-72BB4DCC1680}.Debug|Any CPU.ActiveCfg = Debug|Any CPU
		{6A35594A-2CED-4AB7-9E35-72BB4DCC1680}.Debug|Any CPU.Build.0 = Debug|Any CPU
		{6A35594A-2CED-4AB7-9E35-72BB4DCC1680}.Release|Any CPU.ActiveCfg = Release|Any CPU
		{6A35594A-2CED-4AB7-9E35-72BB4DCC1680}.Release|Any CPU.Build.0 = Release|Any CPU
		{80242265-C193-4701-9580-0D2AACE81322}.Debug|Any CPU.ActiveCfg = Debug|Any CPU
		{80242265-C193-4701-9580-0D2AACE81322}.Debug|Any CPU.Build.0 = Debug|Any CPU
		{80242265-C193-4701-9580-0D2AACE81322}.Release|Any CPU.ActiveCfg = Release|Any CPU
		{80242265-C193-4701-9580-0D2AACE81322}.Release|Any CPU.Build.0 = Release|Any CPU
	EndGlobalSection
	GlobalSection(SolutionProperties) = preSolution
		HideSolutionNode = FALSE
	EndGlobalSection
	GlobalSection(ExtensibilityGlobals) = postSolution
		SolutionGuid = {77F4F908-B988-4063-BD24-5042B6976877}
	EndGlobalSection
EndGlobal
